// !$*UTF8*$!
{
	archiveVersion = 1;
	classes = {
	};
	objectVersion = 46;
	objects = {

/* Begin PBXBuildFile section */
		76881B3BEFE6559D3300A934 /* Pods_DayTrain.framework in Frameworks */ = {isa = PBXBuildFile; fileRef = A8DA58B5C555C96CA1AED858 /* Pods_DayTrain.framework */; };
		814C3ACA1B69877600E307BB /* Main.storyboard in Resources */ = {isa = PBXBuildFile; fileRef = 814C3AC61B69877600E307BB /* Main.storyboard */; };
		814C3ACB1B69877600E307BB /* Images.xcassets in Resources */ = {isa = PBXBuildFile; fileRef = 814C3AC81B69877600E307BB /* Images.xcassets */; };
		81BA814B1A49DA1800E65899 /* AppDelegate.swift in Sources */ = {isa = PBXBuildFile; fileRef = 81BA814A1A49DA1800E65899 /* AppDelegate.swift */; };
		81BA814D1A49DA1800E65899 /* ViewController.swift in Sources */ = {isa = PBXBuildFile; fileRef = 81BA814C1A49DA1800E65899 /* ViewController.swift */; };
		81BA81701A49DB6800E65899 /* Bolts.framework in Frameworks */ = {isa = PBXBuildFile; fileRef = 81BA816B1A49DB6800E65899 /* Bolts.framework */; };
		81BA81711A49DB6800E65899 /* Parse.framework in Frameworks */ = {isa = PBXBuildFile; fileRef = 81BA816C1A49DB6800E65899 /* Parse.framework */; };
		81BA81771A49E0D500E65899 /* libsqlite3.dylib in Frameworks */ = {isa = PBXBuildFile; fileRef = 81BA81761A49E0D500E65899 /* libsqlite3.dylib */; };
		81BA81791A49E0DB00E65899 /* AudioToolbox.framework in Frameworks */ = {isa = PBXBuildFile; fileRef = 81BA81781A49E0DB00E65899 /* AudioToolbox.framework */; };
		81BA817B1A49E0E500E65899 /* SystemConfiguration.framework in Frameworks */ = {isa = PBXBuildFile; fileRef = 81BA817A1A49E0E500E65899 /* SystemConfiguration.framework */; };
		81BA817F1A49E0F000E65899 /* libstdc++.6.dylib in Frameworks */ = {isa = PBXBuildFile; fileRef = 81BA817E1A49E0F000E65899 /* libstdc++.6.dylib */; };
		B520DBB91C02965B00E80A1B /* LaunchView.xib in Resources */ = {isa = PBXBuildFile; fileRef = B520DBB81C02965B00E80A1B /* LaunchView.xib */; };
		B56AB9B51C06922E00ED2A8F /* ENSideMenu.swift in Sources */ = {isa = PBXBuildFile; fileRef = B56AB9B31C06922E00ED2A8F /* ENSideMenu.swift */; };
		B56AB9B61C06922E00ED2A8F /* ENSideMenuNavigationController.swift in Sources */ = {isa = PBXBuildFile; fileRef = B56AB9B41C06922E00ED2A8F /* ENSideMenuNavigationController.swift */; };
		B56F3FC11C0D29DB00D553B8 /* DTColors.swift in Sources */ = {isa = PBXBuildFile; fileRef = B56F3FC01C0D29DA00D553B8 /* DTColors.swift */; };
		B56F3FC31C0D2B2C00D553B8 /* DTImages.swift in Sources */ = {isa = PBXBuildFile; fileRef = B56F3FC21C0D2B2C00D553B8 /* DTImages.swift */; };
		B56F3FC61C0EBB8500D553B8 /* DTMenuTableViewController.swift in Sources */ = {isa = PBXBuildFile; fileRef = B56F3FC51C0EBB8500D553B8 /* DTMenuTableViewController.swift */; };
		B56F3FCD1C10022900D553B8 /* TrainCarViewController.swift in Sources */ = {isa = PBXBuildFile; fileRef = B56F3FCC1C10022900D553B8 /* TrainCarViewController.swift */; };
		B57571F91C0A3B72005BE3CA /* DTLogInViewController.swift in Sources */ = {isa = PBXBuildFile; fileRef = B57571F81C0A3B72005BE3CA /* DTLogInViewController.swift */; };
		B57571FC1C0A4590005BE3CA /* DTSignUpViewController.swift in Sources */ = {isa = PBXBuildFile; fileRef = B57571FA1C0A4590005BE3CA /* DTSignUpViewController.swift */; };
		B57572001C0A4DBF005BE3CA /* DTNavigationController.swift in Sources */ = {isa = PBXBuildFile; fileRef = B57571FE1C0A4DBF005BE3CA /* DTNavigationController.swift */; };
		B59B92C21C02603700A41302 /* FBSDKCoreKit.framework in Frameworks */ = {isa = PBXBuildFile; fileRef = B59B92C11C02603700A41302 /* FBSDKCoreKit.framework */; settings = {ATTRIBUTES = (Required, ); }; };
		B59B92C41C02624F00A41302 /* Accounts.framework in Frameworks */ = {isa = PBXBuildFile; fileRef = B59B92C31C02624F00A41302 /* Accounts.framework */; };
		B59B92C61C02625900A41302 /* Social.framework in Frameworks */ = {isa = PBXBuildFile; fileRef = B59B92C51C02625900A41302 /* Social.framework */; };
		B5C85A371C135DF80071AFFB /* NewTrainFormController.swift in Sources */ = {isa = PBXBuildFile; fileRef = B5C85A361C135DF80071AFFB /* NewTrainFormController.swift */; };
/* End PBXBuildFile section */

/* Begin PBXFileReference section */
		0F75714C3D49E0E7552BDBE5 /* Pods-DayTrain.debug.xcconfig */ = {isa = PBXFileReference; includeInIndex = 1; lastKnownFileType = text.xcconfig; name = "Pods-DayTrain.debug.xcconfig"; path = "Pods/Target Support Files/Pods-DayTrain/Pods-DayTrain.debug.xcconfig"; sourceTree = "<group>"; };
		5215188586F055E2414DC748 /* Pods-DayTrain.release.xcconfig */ = {isa = PBXFileReference; includeInIndex = 1; lastKnownFileType = text.xcconfig; name = "Pods-DayTrain.release.xcconfig"; path = "Pods/Target Support Files/Pods-DayTrain/Pods-DayTrain.release.xcconfig"; sourceTree = "<group>"; };
		814C3AC71B69877600E307BB /* Base */ = {isa = PBXFileReference; lastKnownFileType = file.storyboard; name = Base; path = Base.lproj/Main.storyboard; sourceTree = "<group>"; };
		814C3AC81B69877600E307BB /* Images.xcassets */ = {isa = PBXFileReference; lastKnownFileType = folder.assetcatalog; path = Images.xcassets; sourceTree = "<group>"; };
		814C3AC91B69877600E307BB /* Info.plist */ = {isa = PBXFileReference; fileEncoding = 4; lastKnownFileType = text.plist.xml; path = Info.plist; sourceTree = "<group>"; };
		81BA81451A49DA1800E65899 /* DayTrain.app */ = {isa = PBXFileReference; explicitFileType = wrapper.application; includeInIndex = 0; path = DayTrain.app; sourceTree = BUILT_PRODUCTS_DIR; };
		81BA814A1A49DA1800E65899 /* AppDelegate.swift */ = {isa = PBXFileReference; lastKnownFileType = sourcecode.swift; path = AppDelegate.swift; sourceTree = "<group>"; };
		81BA814C1A49DA1800E65899 /* ViewController.swift */ = {isa = PBXFileReference; lastKnownFileType = sourcecode.swift; path = ViewController.swift; sourceTree = "<group>"; };
		81BA816B1A49DB6800E65899 /* Bolts.framework */ = {isa = PBXFileReference; lastKnownFileType = wrapper.framework; path = Bolts.framework; sourceTree = "<group>"; };
		81BA816C1A49DB6800E65899 /* Parse.framework */ = {isa = PBXFileReference; lastKnownFileType = wrapper.framework; path = Parse.framework; sourceTree = "<group>"; };
		81BA816D1A49DB6800E65899 /* ParseCrashReporting.framework */ = {isa = PBXFileReference; lastKnownFileType = wrapper.framework; path = ParseCrashReporting.framework; sourceTree = "<group>"; };
		81BA816E1A49DB6800E65899 /* ParseFacebookUtils.framework */ = {isa = PBXFileReference; lastKnownFileType = wrapper.framework; path = ParseFacebookUtils.framework; sourceTree = "<group>"; };
		81BA81761A49E0D500E65899 /* libsqlite3.dylib */ = {isa = PBXFileReference; lastKnownFileType = "compiled.mach-o.dylib"; name = libsqlite3.dylib; path = usr/lib/libsqlite3.dylib; sourceTree = SDKROOT; };
		81BA81781A49E0DB00E65899 /* AudioToolbox.framework */ = {isa = PBXFileReference; lastKnownFileType = wrapper.framework; name = AudioToolbox.framework; path = System/Library/Frameworks/AudioToolbox.framework; sourceTree = SDKROOT; };
		81BA817A1A49E0E500E65899 /* SystemConfiguration.framework */ = {isa = PBXFileReference; lastKnownFileType = wrapper.framework; name = SystemConfiguration.framework; path = System/Library/Frameworks/SystemConfiguration.framework; sourceTree = SDKROOT; };
		81BA817E1A49E0F000E65899 /* libstdc++.6.dylib */ = {isa = PBXFileReference; lastKnownFileType = "compiled.mach-o.dylib"; name = "libstdc++.6.dylib"; path = "usr/lib/libstdc++.6.dylib"; sourceTree = SDKROOT; };
		81BA81801A49E10C00E65899 /* ParseUI.framework */ = {isa = PBXFileReference; lastKnownFileType = wrapper.framework; path = ParseUI.framework; sourceTree = "<group>"; };
		A8DA58B5C555C96CA1AED858 /* Pods_DayTrain.framework */ = {isa = PBXFileReference; explicitFileType = wrapper.framework; includeInIndex = 0; path = Pods_DayTrain.framework; sourceTree = BUILT_PRODUCTS_DIR; };
		B520DBB81C02965B00E80A1B /* LaunchView.xib */ = {isa = PBXFileReference; fileEncoding = 4; lastKnownFileType = file.xib; path = LaunchView.xib; sourceTree = "<group>"; };
		B56AB9B31C06922E00ED2A8F /* ENSideMenu.swift */ = {isa = PBXFileReference; fileEncoding = 4; lastKnownFileType = sourcecode.swift; path = ENSideMenu.swift; sourceTree = "<group>"; };
		B56AB9B41C06922E00ED2A8F /* ENSideMenuNavigationController.swift */ = {isa = PBXFileReference; fileEncoding = 4; lastKnownFileType = sourcecode.swift; path = ENSideMenuNavigationController.swift; sourceTree = "<group>"; };
		B56F3FC01C0D29DA00D553B8 /* DTColors.swift */ = {isa = PBXFileReference; fileEncoding = 4; lastKnownFileType = sourcecode.swift; path = DTColors.swift; sourceTree = "<group>"; };
		B56F3FC21C0D2B2C00D553B8 /* DTImages.swift */ = {isa = PBXFileReference; fileEncoding = 4; lastKnownFileType = sourcecode.swift; path = DTImages.swift; sourceTree = "<group>"; };
		B56F3FC51C0EBB8500D553B8 /* DTMenuTableViewController.swift */ = {isa = PBXFileReference; fileEncoding = 4; lastKnownFileType = sourcecode.swift; path = DTMenuTableViewController.swift; sourceTree = "<group>"; };
		B56F3FCB1C0EBC9000D553B8 /* DayTrain-Bridging-Header.h */ = {isa = PBXFileReference; lastKnownFileType = sourcecode.c.h; path = "DayTrain-Bridging-Header.h"; sourceTree = "<group>"; };
		B56F3FCC1C10022900D553B8 /* TrainCarViewController.swift */ = {isa = PBXFileReference; fileEncoding = 4; lastKnownFileType = sourcecode.swift; path = TrainCarViewController.swift; sourceTree = "<group>"; };
		B57571F81C0A3B72005BE3CA /* DTLogInViewController.swift */ = {isa = PBXFileReference; fileEncoding = 4; lastKnownFileType = sourcecode.swift; path = DTLogInViewController.swift; sourceTree = "<group>"; };
		B57571FA1C0A4590005BE3CA /* DTSignUpViewController.swift */ = {isa = PBXFileReference; fileEncoding = 4; lastKnownFileType = sourcecode.swift; path = DTSignUpViewController.swift; sourceTree = "<group>"; };
		B57571FE1C0A4DBF005BE3CA /* DTNavigationController.swift */ = {isa = PBXFileReference; fileEncoding = 4; lastKnownFileType = sourcecode.swift; path = DTNavigationController.swift; sourceTree = "<group>"; };
		B59B92C11C02603700A41302 /* FBSDKCoreKit.framework */ = {isa = PBXFileReference; lastKnownFileType = wrapper.framework; name = FBSDKCoreKit.framework; path = "../FacebookSDKs-iOS-20151111/FBSDKCoreKit.framework"; sourceTree = "<group>"; };
		B59B92C31C02624F00A41302 /* Accounts.framework */ = {isa = PBXFileReference; lastKnownFileType = wrapper.framework; name = Accounts.framework; path = System/Library/Frameworks/Accounts.framework; sourceTree = SDKROOT; };
		B59B92C51C02625900A41302 /* Social.framework */ = {isa = PBXFileReference; lastKnownFileType = wrapper.framework; name = Social.framework; path = System/Library/Frameworks/Social.framework; sourceTree = SDKROOT; };
		B5C85A361C135DF80071AFFB /* NewTrainFormController.swift */ = {isa = PBXFileReference; fileEncoding = 4; lastKnownFileType = sourcecode.swift; path = NewTrainFormController.swift; sourceTree = "<group>"; };
/* End PBXFileReference section */

/* Begin PBXFrameworksBuildPhase section */
		81BA81421A49DA1800E65899 /* Frameworks */ = {
			isa = PBXFrameworksBuildPhase;
			buildActionMask = 2147483647;
			files = (
				B59B92C61C02625900A41302 /* Social.framework in Frameworks */,
				B59B92C41C02624F00A41302 /* Accounts.framework in Frameworks */,
				81BA817F1A49E0F000E65899 /* libstdc++.6.dylib in Frameworks */,
				81BA817B1A49E0E500E65899 /* SystemConfiguration.framework in Frameworks */,
				81BA81791A49E0DB00E65899 /* AudioToolbox.framework in Frameworks */,
				81BA81771A49E0D500E65899 /* libsqlite3.dylib in Frameworks */,
				B59B92C21C02603700A41302 /* FBSDKCoreKit.framework in Frameworks */,
				81BA81711A49DB6800E65899 /* Parse.framework in Frameworks */,
				81BA81701A49DB6800E65899 /* Bolts.framework in Frameworks */,
				76881B3BEFE6559D3300A934 /* Pods_DayTrain.framework in Frameworks */,
			);
			runOnlyForDeploymentPostprocessing = 0;
		};
/* End PBXFrameworksBuildPhase section */

/* Begin PBXGroup section */
		814C3AC51B69877600E307BB /* Resources */ = {
			isa = PBXGroup;
			children = (
				814C3AC81B69877600E307BB /* Images.xcassets */,
				814C3AC91B69877600E307BB /* Info.plist */,
			);
			path = Resources;
			sourceTree = "<group>";
		};
		81BA813C1A49DA1800E65899 = {
			isa = PBXGroup;
			children = (
				81BA81471A49DA1800E65899 /* DayTrainProject */,
				814C3AC51B69877600E307BB /* Resources */,
				81BA816A1A49DB5600E65899 /* Frameworks */,
				81BA81461A49DA1800E65899 /* Products */,
				9179E3204279D9CFDB4894B0 /* Pods */,
			);
			sourceTree = "<group>";
		};
		81BA81461A49DA1800E65899 /* Products */ = {
			isa = PBXGroup;
			children = (
				81BA81451A49DA1800E65899 /* DayTrain.app */,
			);
			name = Products;
			sourceTree = "<group>";
		};
		81BA81471A49DA1800E65899 /* DayTrainProject */ = {
			isa = PBXGroup;
			children = (
				81BA814A1A49DA1800E65899 /* AppDelegate.swift */,
				B56F3FC41C0E939800D553B8 /* SideMenu */,
				B56F3FC81C0EBBB000D553B8 /* Constants */,
				B56F3FC91C0EBBFC00D553B8 /* Parse */,
				814C3AC61B69877600E307BB /* Main.storyboard */,
				B57571FE1C0A4DBF005BE3CA /* DTNavigationController.swift */,
				81BA814C1A49DA1800E65899 /* ViewController.swift */,
				B56F3FCC1C10022900D553B8 /* TrainCarViewController.swift */,
				B5C85A361C135DF80071AFFB /* NewTrainFormController.swift */,
				B520DBB81C02965B00E80A1B /* LaunchView.xib */,
				B56F3FCB1C0EBC9000D553B8 /* DayTrain-Bridging-Header.h */,
			);
			path = DayTrainProject;
			sourceTree = "<group>";
		};
		81BA816A1A49DB5600E65899 /* Frameworks */ = {
			isa = PBXGroup;
			children = (
				B59B92C51C02625900A41302 /* Social.framework */,
				B59B92C31C02624F00A41302 /* Accounts.framework */,
				B59B92C11C02603700A41302 /* FBSDKCoreKit.framework */,
				81BA816B1A49DB6800E65899 /* Bolts.framework */,
				81BA816C1A49DB6800E65899 /* Parse.framework */,
				81BA816D1A49DB6800E65899 /* ParseCrashReporting.framework */,
				81BA816E1A49DB6800E65899 /* ParseFacebookUtils.framework */,
				81BA81801A49E10C00E65899 /* ParseUI.framework */,
				81BA81751A49E0C500E65899 /* System Frameworks */,
				A8DA58B5C555C96CA1AED858 /* Pods_DayTrain.framework */,
			);
			name = Frameworks;
			sourceTree = "<group>";
		};
		81BA81751A49E0C500E65899 /* System Frameworks */ = {
			isa = PBXGroup;
			children = (
				81BA817E1A49E0F000E65899 /* libstdc++.6.dylib */,
				81BA817A1A49E0E500E65899 /* SystemConfiguration.framework */,
				81BA81781A49E0DB00E65899 /* AudioToolbox.framework */,
				81BA81761A49E0D500E65899 /* libsqlite3.dylib */,
			);
			name = "System Frameworks";
			sourceTree = "<group>";
		};
		9179E3204279D9CFDB4894B0 /* Pods */ = {
			isa = PBXGroup;
			children = (
				0F75714C3D49E0E7552BDBE5 /* Pods-DayTrain.debug.xcconfig */,
				5215188586F055E2414DC748 /* Pods-DayTrain.release.xcconfig */,
			);
			name = Pods;
			sourceTree = "<group>";
		};
		B56F3FC41C0E939800D553B8 /* SideMenu */ = {
			isa = PBXGroup;
			children = (
				B56F3FC51C0EBB8500D553B8 /* DTMenuTableViewController.swift */,
				B56AB9B31C06922E00ED2A8F /* ENSideMenu.swift */,
				B56AB9B41C06922E00ED2A8F /* ENSideMenuNavigationController.swift */,
			);
			name = SideMenu;
			sourceTree = "<group>";
		};
		B56F3FC81C0EBBB000D553B8 /* Constants */ = {
			isa = PBXGroup;
			children = (
				B56F3FC01C0D29DA00D553B8 /* DTColors.swift */,
				B56F3FC21C0D2B2C00D553B8 /* DTImages.swift */,
			);
			name = Constants;
			sourceTree = "<group>";
		};
		B56F3FC91C0EBBFC00D553B8 /* Parse */ = {
			isa = PBXGroup;
			children = (
				B57571F81C0A3B72005BE3CA /* DTLogInViewController.swift */,
				B57571FA1C0A4590005BE3CA /* DTSignUpViewController.swift */,
			);
			name = Parse;
			sourceTree = "<group>";
		};
/* End PBXGroup section */

/* Begin PBXNativeTarget section */
		81BA81441A49DA1800E65899 /* DayTrain */ = {
			isa = PBXNativeTarget;
			buildConfigurationList = 81BA81641A49DA1800E65899 /* Build configuration list for PBXNativeTarget "DayTrain" */;
			buildPhases = (
				37A1E828F13A3F02F06EE8EE /* Check Pods Manifest.lock */,
				81BA81411A49DA1800E65899 /* Sources */,
				81BA81421A49DA1800E65899 /* Frameworks */,
				81BA81431A49DA1800E65899 /* Resources */,
				81CC85E11A49F6D40076DE19 /* Upload Symbol Files */,
				7D0279F7424C9DE1B2F5DB23 /* Embed Pods Frameworks */,
				B110F91B6AD1D52372F6699D /* Copy Pods Resources */,
			);
			buildRules = (
			);
			dependencies = (
			);
			name = DayTrain;
			productName = ParseStarterProject;
			productReference = 81BA81451A49DA1800E65899 /* DayTrain.app */;
			productType = "com.apple.product-type.application";
		};
/* End PBXNativeTarget section */

/* Begin PBXProject section */
		81BA813D1A49DA1800E65899 /* Project object */ = {
			isa = PBXProject;
			attributes = {
				LastSwiftUpdateCheck = 0710;
				LastUpgradeCheck = 0710;
				ORGANIZATIONNAME = Parse;
				TargetAttributes = {
					81BA81441A49DA1800E65899 = {
						CreatedOnToolsVersion = 6.1.1;
						DevelopmentTeam = Q3LLFJDLLC;
					};
				};
			};
			buildConfigurationList = 81BA81401A49DA1800E65899 /* Build configuration list for PBXProject "DayTrain" */;
			compatibilityVersion = "Xcode 3.2";
			developmentRegion = English;
			hasScannedForEncodings = 0;
			knownRegions = (
				en,
				Base,
			);
			mainGroup = 81BA813C1A49DA1800E65899;
			productRefGroup = 81BA81461A49DA1800E65899 /* Products */;
			projectDirPath = "";
			projectRoot = "";
			targets = (
				81BA81441A49DA1800E65899 /* DayTrain */,
			);
		};
/* End PBXProject section */

/* Begin PBXResourcesBuildPhase section */
		81BA81431A49DA1800E65899 /* Resources */ = {
			isa = PBXResourcesBuildPhase;
			buildActionMask = 2147483647;
			files = (
				B520DBB91C02965B00E80A1B /* LaunchView.xib in Resources */,
				814C3ACA1B69877600E307BB /* Main.storyboard in Resources */,
				814C3ACB1B69877600E307BB /* Images.xcassets in Resources */,
			);
			runOnlyForDeploymentPostprocessing = 0;
		};
/* End PBXResourcesBuildPhase section */

/* Begin PBXShellScriptBuildPhase section */
		37A1E828F13A3F02F06EE8EE /* Check Pods Manifest.lock */ = {
			isa = PBXShellScriptBuildPhase;
			buildActionMask = 2147483647;
			files = (
			);
			inputPaths = (
			);
			name = "Check Pods Manifest.lock";
			outputPaths = (
			);
			runOnlyForDeploymentPostprocessing = 0;
			shellPath = /bin/sh;
			shellScript = "diff \"${PODS_ROOT}/../Podfile.lock\" \"${PODS_ROOT}/Manifest.lock\" > /dev/null\nif [[ $? != 0 ]] ; then\n    cat << EOM\nerror: The sandbox is not in sync with the Podfile.lock. Run 'pod install' or update your CocoaPods installation.\nEOM\n    exit 1\nfi\n";
			showEnvVarsInLog = 0;
		};
		7D0279F7424C9DE1B2F5DB23 /* Embed Pods Frameworks */ = {
			isa = PBXShellScriptBuildPhase;
			buildActionMask = 2147483647;
			files = (
			);
			inputPaths = (
			);
			name = "Embed Pods Frameworks";
			outputPaths = (
			);
			runOnlyForDeploymentPostprocessing = 0;
			shellPath = /bin/sh;
			shellScript = "\"${SRCROOT}/Pods/Target Support Files/Pods-DayTrain/Pods-DayTrain-frameworks.sh\"\n";
			showEnvVarsInLog = 0;
		};
		81CC85E11A49F6D40076DE19 /* Upload Symbol Files */ = {
			isa = PBXShellScriptBuildPhase;
			buildActionMask = 2147483647;
			files = (
			);
			inputPaths = (
			);
			name = "Upload Symbol Files";
			outputPaths = (
			);
			runOnlyForDeploymentPostprocessing = 0;
			shellPath = /bin/sh;
			shellScript = "# This script will upload symbol files for your application,\n# so all your crash reports are going to be symbolicated\n\n# Important!\n# Before using the script, please initialize CloudCode folder and replace <path_to_cloudcode_folder> with the path to it\n#\n# Read more on Parse.com - https://parse.com/apps/quickstart#analytics/crashreporting/ios/\n############################################################\n\n\n# export PATH=/usr/local/bin:$PATH\n# cd <path_to_cloudcode_folder>\n\n# parse symbols -p \"${DWARF_DSYM_FOLDER_PATH}/${DWARF_DSYM_FILE_NAME}\"\n";
		};
		B110F91B6AD1D52372F6699D /* Copy Pods Resources */ = {
			isa = PBXShellScriptBuildPhase;
			buildActionMask = 2147483647;
			files = (
			);
			inputPaths = (
			);
			name = "Copy Pods Resources";
			outputPaths = (
			);
			runOnlyForDeploymentPostprocessing = 0;
			shellPath = /bin/sh;
			shellScript = "\"${SRCROOT}/Pods/Target Support Files/Pods-DayTrain/Pods-DayTrain-resources.sh\"\n";
			showEnvVarsInLog = 0;
		};
/* End PBXShellScriptBuildPhase section */

/* Begin PBXSourcesBuildPhase section */
		81BA81411A49DA1800E65899 /* Sources */ = {
			isa = PBXSourcesBuildPhase;
			buildActionMask = 2147483647;
			files = (
				B57571FC1C0A4590005BE3CA /* DTSignUpViewController.swift in Sources */,
				B56AB9B61C06922E00ED2A8F /* ENSideMenuNavigationController.swift in Sources */,
				B56AB9B51C06922E00ED2A8F /* ENSideMenu.swift in Sources */,
				B5C85A371C135DF80071AFFB /* NewTrainFormController.swift in Sources */,
				B57571F91C0A3B72005BE3CA /* DTLogInViewController.swift in Sources */,
				81BA814D1A49DA1800E65899 /* ViewController.swift in Sources */,
				B57572001C0A4DBF005BE3CA /* DTNavigationController.swift in Sources */,
				B56F3FC31C0D2B2C00D553B8 /* DTImages.swift in Sources */,
				B56F3FC11C0D29DB00D553B8 /* DTColors.swift in Sources */,
				B56F3FC61C0EBB8500D553B8 /* DTMenuTableViewController.swift in Sources */,
				81BA814B1A49DA1800E65899 /* AppDelegate.swift in Sources */,
				B56F3FCD1C10022900D553B8 /* TrainCarViewController.swift in Sources */,
			);
			runOnlyForDeploymentPostprocessing = 0;
		};
/* End PBXSourcesBuildPhase section */

/* Begin PBXVariantGroup section */
		814C3AC61B69877600E307BB /* Main.storyboard */ = {
			isa = PBXVariantGroup;
			children = (
				814C3AC71B69877600E307BB /* Base */,
			);
			name = Main.storyboard;
			path = ../Resources;
			sourceTree = "<group>";
		};
/* End PBXVariantGroup section */

/* Begin XCBuildConfiguration section */
		81BA81621A49DA1800E65899 /* Debug */ = {
			isa = XCBuildConfiguration;
			buildSettings = {
				ALWAYS_SEARCH_USER_PATHS = NO;
				CLANG_CXX_LANGUAGE_STANDARD = "gnu++0x";
				CLANG_CXX_LIBRARY = "libc++";
				CLANG_ENABLE_MODULES = YES;
				CLANG_ENABLE_OBJC_ARC = YES;
				CLANG_WARN_BOOL_CONVERSION = YES;
				CLANG_WARN_CONSTANT_CONVERSION = YES;
				CLANG_WARN_DIRECT_OBJC_ISA_USAGE = YES_ERROR;
				CLANG_WARN_EMPTY_BODY = YES;
				CLANG_WARN_ENUM_CONVERSION = YES;
				CLANG_WARN_INT_CONVERSION = YES;
				CLANG_WARN_OBJC_ROOT_CLASS = YES_ERROR;
				CLANG_WARN_UNREACHABLE_CODE = YES;
				CLANG_WARN__DUPLICATE_METHOD_MATCH = YES;
				"CODE_SIGN_IDENTITY[sdk=iphoneos*]" = "iPhone Developer";
				COPY_PHASE_STRIP = NO;
				ENABLE_STRICT_OBJC_MSGSEND = YES;
				GCC_C_LANGUAGE_STANDARD = gnu99;
				GCC_DYNAMIC_NO_PIC = NO;
				GCC_OPTIMIZATION_LEVEL = 0;
				GCC_PREPROCESSOR_DEFINITIONS = (
					"DEBUG=1",
					"$(inherited)",
				);
				GCC_SYMBOLS_PRIVATE_EXTERN = NO;
				GCC_WARN_64_TO_32_BIT_CONVERSION = YES;
				GCC_WARN_ABOUT_RETURN_TYPE = YES_ERROR;
				GCC_WARN_UNDECLARED_SELECTOR = YES;
				GCC_WARN_UNINITIALIZED_AUTOS = YES_AGGRESSIVE;
				GCC_WARN_UNUSED_FUNCTION = YES;
				GCC_WARN_UNUSED_VARIABLE = YES;
				IPHONEOS_DEPLOYMENT_TARGET = 7.0;
				MTL_ENABLE_DEBUG_INFO = YES;
				ONLY_ACTIVE_ARCH = YES;
				SDKROOT = iphoneos;
				SWIFT_OPTIMIZATION_LEVEL = "-Onone";
				TARGETED_DEVICE_FAMILY = "1,2";
			};
			name = Debug;
		};
		81BA81631A49DA1800E65899 /* Release */ = {
			isa = XCBuildConfiguration;
			buildSettings = {
				ALWAYS_SEARCH_USER_PATHS = NO;
				CLANG_CXX_LANGUAGE_STANDARD = "gnu++0x";
				CLANG_CXX_LIBRARY = "libc++";
				CLANG_ENABLE_MODULES = YES;
				CLANG_ENABLE_OBJC_ARC = YES;
				CLANG_WARN_BOOL_CONVERSION = YES;
				CLANG_WARN_CONSTANT_CONVERSION = YES;
				CLANG_WARN_DIRECT_OBJC_ISA_USAGE = YES_ERROR;
				CLANG_WARN_EMPTY_BODY = YES;
				CLANG_WARN_ENUM_CONVERSION = YES;
				CLANG_WARN_INT_CONVERSION = YES;
				CLANG_WARN_OBJC_ROOT_CLASS = YES_ERROR;
				CLANG_WARN_UNREACHABLE_CODE = YES;
				CLANG_WARN__DUPLICATE_METHOD_MATCH = YES;
				"CODE_SIGN_IDENTITY[sdk=iphoneos*]" = "iPhone Developer";
				COPY_PHASE_STRIP = YES;
				ENABLE_NS_ASSERTIONS = NO;
				ENABLE_STRICT_OBJC_MSGSEND = YES;
				GCC_C_LANGUAGE_STANDARD = gnu99;
				GCC_WARN_64_TO_32_BIT_CONVERSION = YES;
				GCC_WARN_ABOUT_RETURN_TYPE = YES_ERROR;
				GCC_WARN_UNDECLARED_SELECTOR = YES;
				GCC_WARN_UNINITIALIZED_AUTOS = YES_AGGRESSIVE;
				GCC_WARN_UNUSED_FUNCTION = YES;
				GCC_WARN_UNUSED_VARIABLE = YES;
				IPHONEOS_DEPLOYMENT_TARGET = 7.0;
				MTL_ENABLE_DEBUG_INFO = NO;
				SDKROOT = iphoneos;
				TARGETED_DEVICE_FAMILY = "1,2";
				VALIDATE_PRODUCT = YES;
			};
			name = Release;
		};
		81BA81651A49DA1800E65899 /* Debug */ = {
			isa = XCBuildConfiguration;
			baseConfigurationReference = 0F75714C3D49E0E7552BDBE5 /* Pods-DayTrain.debug.xcconfig */;
			buildSettings = {
				ASSETCATALOG_COMPILER_APPICON_NAME = AppIcon;
				ASSETCATALOG_COMPILER_LAUNCHIMAGE_NAME = LaunchImage;
				CLANG_ENABLE_MODULES = YES;
				CODE_SIGN_IDENTITY = "iPhone Developer";
				"CODE_SIGN_IDENTITY[sdk=iphoneos*]" = "iPhone Developer";
				FRAMEWORK_SEARCH_PATHS = (
					"$(inherited)",
					"$(PROJECT_DIR)",
				);
				INFOPLIST_FILE = Resources/Info.plist;
				IPHONEOS_DEPLOYMENT_TARGET = 8.0;
				LD_RUNPATH_SEARCH_PATHS = "$(inherited) @executable_path/Frameworks";
				PRODUCT_BUNDLE_IDENTIFIER = com.eskimwier.daytrain;
				PRODUCT_NAME = DayTrain;
				PROVISIONING_PROFILE = "";
				SWIFT_OBJC_BRIDGING_HEADER = "DayTrainProject/DayTrain-Bridging-Header.h";
				SWIFT_OPTIMIZATION_LEVEL = "-Onone";
				TARGETED_DEVICE_FAMILY = 1;
			};
			name = Debug;
		};
		81BA81661A49DA1800E65899 /* Release */ = {
			isa = XCBuildConfiguration;
			baseConfigurationReference = 5215188586F055E2414DC748 /* Pods-DayTrain.release.xcconfig */;
			buildSettings = {
				ASSETCATALOG_COMPILER_APPICON_NAME = AppIcon;
				ASSETCATALOG_COMPILER_LAUNCHIMAGE_NAME = LaunchImage;
				CLANG_ENABLE_MODULES = YES;
				CODE_SIGN_IDENTITY = "iPhone Developer";
				"CODE_SIGN_IDENTITY[sdk=iphoneos*]" = "iPhone Developer";
				FRAMEWORK_SEARCH_PATHS = (
					"$(inherited)",
					"$(PROJECT_DIR)",
				);
				INFOPLIST_FILE = Resources/Info.plist;
				IPHONEOS_DEPLOYMENT_TARGET = 8.0;
				LD_RUNPATH_SEARCH_PATHS = "$(inherited) @executable_path/Frameworks";
				PRODUCT_BUNDLE_IDENTIFIER = com.eskimwier.daytrain;
				PRODUCT_NAME = DayTrain;
				PROVISIONING_PROFILE = "";
				SWIFT_OBJC_BRIDGING_HEADER = "DayTrainProject/DayTrain-Bridging-Header.h";
				TARGETED_DEVICE_FAMILY = 1;
			};
			name = Release;
		};
/* End XCBuildConfiguration section */

/* Begin XCConfigurationList section */
		81BA81401A49DA1800E65899 /* Build configuration list for PBXProject "DayTrain" */ = {
			isa = XCConfigurationList;
			buildConfigurations = (
				81BA81621A49DA1800E65899 /* Debug */,
				81BA81631A49DA1800E65899 /* Release */,
			);
			defaultConfigurationIsVisible = 0;
			defaultConfigurationName = Release;
		};
		81BA81641A49DA1800E65899 /* Build configuration list for PBXNativeTarget "DayTrain" */ = {
			isa = XCConfigurationList;
			buildConfigurations = (
				81BA81651A49DA1800E65899 /* Debug */,
				81BA81661A49DA1800E65899 /* Release */,
			);
			defaultConfigurationIsVisible = 0;
			defaultConfigurationName = Release;
		};
/* End XCConfigurationList section */
	};
	rootObject = 81BA813D1A49DA1800E65899 /* Project object */;
}
